
Microsoft Visual Studio Solution File, Format Version 12.00
# Visual Studio 15
VisualStudioVersion = 15.0.28307.1209
MinimumVisualStudioVersion = 10.0.40219.1
Project("{FAE04EC0-301F-11D3-BF4B-00C04F79EFBC}") = "BookStore", "BookStore\BookStore.csproj", "{54DDC4B7-CF4A-47EF-B4F0-FD0DEF4DF170}"
EndProject
Project("{FAE04EC0-301F-11D3-BF4B-00C04F79EFBC}") = "Domain", "Domain\Domain.csproj", "{AD3EE37A-6133-4D1A-9AE2-55D39B63A6D4}"
EndProject
Project("{FAE04EC0-301F-11D3-BF4B-00C04F79EFBC}") = "Logic", "Logic\Logic.csproj", "{ADB9923F-F046-4100-9EA7-DEEC28F34D4A}"
EndProject
Project("{FAE04EC0-301F-11D3-BF4B-00C04F79EFBC}") = "Infrastructure", "Infrastructure\Infrastructure.csproj", "{00240C6D-CA33-44CC-8400-BC98DB7EEA90}"
EndProject
Project("{FAE04EC0-301F-11D3-BF4B-00C04F79EFBC}") = "Data", "Data\Data.csproj", "{FC96008E-5309-4568-9812-1E56F34CD761}"
EndProject
Global
	GlobalSection(SolutionConfigurationPlatforms) = preSolution
		Debug|Any CPU = Debug|Any CPU
		Release|Any CPU = Release|Any CPU
	EndGlobalSection
	GlobalSection(ProjectConfigurationPlatforms) = postSolution
		{54DDC4B7-CF4A-47EF-B4F0-FD0DEF4DF170}.Debug|Any CPU.ActiveCfg = Debug|Any CPU
		{54DDC4B7-CF4A-47EF-B4F0-FD0DEF4DF170}.Debug|Any CPU.Build.0 = Debug|Any CPU
		{54DDC4B7-CF4A-47EF-B4F0-FD0DEF4DF170}.Release|Any CPU.ActiveCfg = Release|Any CPU
		{54DDC4B7-CF4A-47EF-B4F0-FD0DEF4DF170}.Release|Any CPU.Build.0 = Release|Any CPU
		{AD3EE37A-6133-4D1A-9AE2-55D39B63A6D4}.Debug|Any CPU.ActiveCfg = Debug|Any CPU
		{AD3EE37A-6133-4D1A-9AE2-55D39B63A6D4}.Debug|Any CPU.Build.0 = Debug|Any CPU
		{AD3EE37A-6133-4D1A-9AE2-55D39B63A6D4}.Release|Any CPU.ActiveCfg = Release|Any CPU
		{AD3EE37A-6133-4D1A-9AE2-55D39B63A6D4}.Release|Any CPU.Build.0 = Release|Any CPU
		{ADB9923F-F046-4100-9EA7-DEEC28F34D4A}.Debug|Any CPU.ActiveCfg = Debug|Any CPU
		{ADB9923F-F046-4100-9EA7-DEEC28F34D4A}.Debug|Any CPU.Build.0 = Debug|Any CPU
		{ADB9923F-F046-4100-9EA7-DEEC28F34D4A}.Release|Any CPU.ActiveCfg = Release|Any CPU
		{ADB9923F-F046-4100-9EA7-DEEC28F34D4A}.Release|Any CPU.Build.0 = Release|Any CPU
		{00240C6D-CA33-44CC-8400-BC98DB7EEA90}.Debug|Any CPU.ActiveCfg = Debug|Any CPU
		{00240C6D-CA33-44CC-8400-BC98DB7EEA90}.Debug|Any CPU.Build.0 = Debug|Any CPU
		{00240C6D-CA33-44CC-8400-BC98DB7EEA90}.Release|Any CPU.ActiveCfg = Release|Any CPU
		{00240C6D-CA33-44CC-8400-BC98DB7EEA90}.Release|Any CPU.Build.0 = Release|Any CPU
		{FC96008E-5309-4568-9812-1E56F34CD761}.Debug|Any CPU.ActiveCfg = Debug|Any CPU
		{FC96008E-5309-4568-9812-1E56F34CD761}.Debug|Any CPU.Build.0 = Debug|Any CPU
		{FC96008E-5309-4568-9812-1E56F34CD761}.Release|Any CPU.ActiveCfg = Release|Any CPU
		{FC96008E-5309-4568-9812-1E56F34CD761}.Release|Any CPU.Build.0 = Release|Any CPU
	EndGlobalSection
	GlobalSection(SolutionProperties) = preSolution
		HideSolutionNode = FALSE
	EndGlobalSection
	GlobalSection(ExtensibilityGlobals) = postSolution
		SolutionGuid = {37AD5DE0-91B4-4D03-BA8A-422E0259C45E}
	EndGlobalSection
EndGlobal
